version = 1
revision = 3
requires-python = ">=3.11"

[[package]]
name = "async-lib"
version = "0.1.0"
source = { virtual = "." }
dependencies = [
    { name = "func-timeout" },
]

[package.metadata]
requires-dist = [{ name = "func-timeout", specifier = ">=4.3.5" }]

[[package]]
name = "func-timeout"
version = "4.3.5"
source = { registry = "https://pypi.org/simple" }
sdist = { url = "https://files.pythonhosted.org/packages/b3/0d/bf0567477f7281d9a3926c582bfef21bff7498fc0ffd3e9de21811896a0b/func_timeout-4.3.5.tar.gz", hash = "sha256:74cd3c428ec94f4edfba81f9b2f14904846d5ffccc27c92433b8b5939b5575dd", size = 44264, upload-time = "2019-08-19T21:32:07.43Z" }
